PODS:
  - AxcAE_TabBar (1.0.5)
  - HandyJSON (5.0.2)
  - IQKeyboardManager (6.5.19)
  - Kingfisher (7.12.0)
  - MBProgressHUD (1.2.0)
  - MJRefresh (3.7.5)
  - RxCocoa (6.9.0):
    - RxRelay (= 6.9.0)
    - RxSwift (= 6.9.0)
  - RxRelay (6.9.0):
    - RxSwift (= 6.9.0)
  - RxSwift (6.9.0)
  - SDWebImage/Core (5.21.7)
  - SDWebImageSVGCoder (1.8.0):
    - SDWebImage/Core (~> 5.6)
  - SnapKit (5.6.0)
  - SwiftyStoreKit (0.16.1)

DEPENDENCIES:
  - AxcAE_TabBar
  - HandyJSON
  - IQKeyboardManager
  - Kingfisher (~> 7.0)
  - MBProgressHUD
  - MJRefresh (= 3.7.5)
  - RxCocoa
  - RxSwift
  - SDWebImageSVGCoder
  - SnapKit (= 5.6.0)
  - SwiftyStoreKit

SPEC REPOS:
  trunk:
    - AxcAE_TabBar
    - HandyJSON
    - IQKeyboardManager
    - Kingfisher
    - MBProgressHUD
    - MJRefresh
    - RxCocoa
    - RxRelay
    - RxSwift
    - SDWebImage
    - SDWebImageSVGCoder
    - SnapKit
    - SwiftyStoreKit

SPEC CHECKSUMS:
  AxcAE_TabBar: 1d5bcf6c4921889dc38839b6ba2c584a9b55251a
  HandyJSON: 9e4e236f5d2dbefad5155a77417bbea438201c03
  IQKeyboardManager: c8665b3396bd0b79402b4c573eac345a31c7d485
  Kingfisher: 53a10ea35051a436b5fb626ca2dd8f3144d755e9
  MBProgressHUD: 3ee5efcc380f6a79a7cc9b363dd669c5e1ae7406
  MJRefresh: fdf5e979eb406a0341468932d1dfc8b7f9fce961
  RxCocoa: ac16414696ae706516be3e1ab00fcce5bdc9be8a
  RxRelay: 6b0c930e5cef57d5fe2032571e5e65b78e3cbdb1
  RxSwift: 31649ace6aceeb422e16ff71c60804f9c3281ed9
  SDWebImage: e9fc87c1aab89a8ab1bbd74eba378c6f53be8abf
  SDWebImageSVGCoder: 8e10c8f6cc879c7dfb317b284e13dd589379f01c
  SnapKit: e01d52ebb8ddbc333eefe2132acf85c8227d9c25
  SwiftyStoreKit: 6b9c08810269f030586dac1fae8e75871a82e84a

PODFILE CHECKSUM: 732c0d881275e08b4f23f146193395df6071c27a

COCOAPODS: 1.16.2
